
Microsoft Visual Studio Solution File, Format Version 12.00
# Visual Studio 15
VisualStudioVersion = 15.0.28010.2026
MinimumVisualStudioVersion = 10.0.40219.1
Project("{9A19103F-16F7-4668-BE54-9A1E7A4F7556}") = "RunningShoeTests", "RunningShoeTests\RunningShoeTests.csproj", "{8AB1EDF2-6267-4903-B197-F5427539EC76}"
EndProject
Project("{9A19103F-16F7-4668-BE54-9A1E7A4F7556}") = "RunningShoeQuestionaire", "RunningShoeQuestionnaire\RunningShoeQuestionaire.csproj", "{27C1FBC8-155F-48CD-9F9F-B7F2DB3FC215}"
EndProject
Global
	GlobalSection(SolutionConfigurationPlatforms) = preSolution
		Debug|Any CPU = Debug|Any CPU
		Release|Any CPU = Release|Any CPU
	EndGlobalSection
	GlobalSection(ProjectConfigurationPlatforms) = postSolution
		{8AB1EDF2-6267-4903-B197-F5427539EC76}.Debug|Any CPU.ActiveCfg = Debug|Any CPU
		{8AB1EDF2-6267-4903-B197-F5427539EC76}.Debug|Any CPU.Build.0 = Debug|Any CPU
		{8AB1EDF2-6267-4903-B197-F5427539EC76}.Release|Any CPU.ActiveCfg = Release|Any CPU
		{8AB1EDF2-6267-4903-B197-F5427539EC76}.Release|Any CPU.Build.0 = Release|Any CPU
		{27C1FBC8-155F-48CD-9F9F-B7F2DB3FC215}.Debug|Any CPU.ActiveCfg = Debug|Any CPU
		{27C1FBC8-155F-48CD-9F9F-B7F2DB3FC215}.Debug|Any CPU.Build.0 = Debug|Any CPU
		{27C1FBC8-155F-48CD-9F9F-B7F2DB3FC215}.Release|Any CPU.ActiveCfg = Release|Any CPU
		{27C1FBC8-155F-48CD-9F9F-B7F2DB3FC215}.Release|Any CPU.Build.0 = Release|Any CPU
	EndGlobalSection
	GlobalSection(SolutionProperties) = preSolution
		HideSolutionNode = FALSE
	EndGlobalSection
	GlobalSection(ExtensibilityGlobals) = postSolution
		SolutionGuid = {374D6CB6-AEBB-4EC0-8C12-1E72FCB23056}
	EndGlobalSection
EndGlobal
